
Microsoft Visual Studio Solution File, Format Version 12.00
# Visual Studio Version 16
VisualStudioVersion = 16.0.31702.278
MinimumVisualStudioVersion = 10.0.40219.1
Project("{888888A0-9F3D-457C-B088-3A5042F75D52}") = "Stack_python", "Stack_python\Stack_python.pyproj", "{F6252E34-03F4-44FA-A1BD-39E99AF913AF}"
EndProject
Global
	GlobalSection(SolutionConfigurationPlatforms) = preSolution
		Debug|Any CPU = Debug|Any CPU
		Release|Any CPU = Release|Any CPU
	EndGlobalSection
	GlobalSection(ProjectConfigurationPlatforms) = postSolution
		{F6252E34-03F4-44FA-A1BD-39E99AF913AF}.Debug|Any CPU.ActiveCfg = Debug|Any CPU
		{F6252E34-03F4-44FA-A1BD-39E99AF913AF}.Release|Any CPU.ActiveCfg = Release|Any CPU
	EndGlobalSection
	GlobalSection(SolutionProperties) = preSolution
		HideSolutionNode = FALSE
	EndGlobalSection
	GlobalSection(ExtensibilityGlobals) = postSolution
		SolutionGuid = {F098525B-9237-4FD5-9B9B-AA7ACFAC9469}
	EndGlobalSection
EndGlobal
