
Microsoft Visual Studio Solution File, Format Version 12.00
# Visual Studio Version 16
VisualStudioVersion = 16.0.29326.143
MinimumVisualStudioVersion = 10.0.40219.1
Project("{888888A0-9F3D-457C-B088-3A5042F75D52}") = "deque", "deque\deque.pyproj", "{77505BFF-0E93-4FC0-B930-0723EB15E9AA}"
EndProject
Global
	GlobalSection(SolutionConfigurationPlatforms) = preSolution
		Debug|Any CPU = Debug|Any CPU
		Release|Any CPU = Release|Any CPU
	EndGlobalSection
	GlobalSection(ProjectConfigurationPlatforms) = postSolution
		{77505BFF-0E93-4FC0-B930-0723EB15E9AA}.Debug|Any CPU.ActiveCfg = Debug|Any CPU
		{77505BFF-0E93-4FC0-B930-0723EB15E9AA}.Release|Any CPU.ActiveCfg = Release|Any CPU
	EndGlobalSection
	GlobalSection(SolutionProperties) = preSolution
		HideSolutionNode = FALSE
	EndGlobalSection
	GlobalSection(ExtensibilityGlobals) = postSolution
		SolutionGuid = {2A5AA08A-E270-4BB2-82AA-D41277B0834F}
	EndGlobalSection
EndGlobal
